
Microsoft Visual Studio Solution File, Format Version 12.00
# Visual Studio Version 17
VisualStudioVersion = 17.14.36408.4 d17.14
MinimumVisualStudioVersion = 10.0.40219.1
Project("{FAE04EC0-301F-11D3-BF4B-00C04F79EFBC}") = "visible-interior-SN", "visible-interior-SN.csproj", "{7E9A6A7B-670D-60D4-15CD-8853FFCDA896}"
EndProject
Global
	GlobalSection(SolutionConfigurationPlatforms) = preSolution
		Debug|Any CPU = Debug|Any CPU
		Release|Any CPU = Release|Any CPU
	EndGlobalSection
	GlobalSection(ProjectConfigurationPlatforms) = postSolution
		{7E9A6A7B-670D-60D4-15CD-8853FFCDA896}.Debug|Any CPU.ActiveCfg = Debug|Any CPU
		{7E9A6A7B-670D-60D4-15CD-8853FFCDA896}.Debug|Any CPU.Build.0 = Debug|Any CPU
		{7E9A6A7B-670D-60D4-15CD-8853FFCDA896}.Release|Any CPU.ActiveCfg = Release|Any CPU
		{7E9A6A7B-670D-60D4-15CD-8853FFCDA896}.Release|Any CPU.Build.0 = Release|Any CPU
	EndGlobalSection
	GlobalSection(SolutionProperties) = preSolution
		HideSolutionNode = FALSE
	EndGlobalSection
	GlobalSection(ExtensibilityGlobals) = postSolution
		SolutionGuid = {D0A6B059-ABFF-49DD-BE85-5D6A2C110C82}
	EndGlobalSection
EndGlobal
